
Microsoft Visual Studio Solution File, Format Version 12.00
# Visual Studio Version 16
VisualStudioVersion = 16.0.30711.63
MinimumVisualStudioVersion = 10.0.40219.1
Project("{FAE04EC0-301F-11D3-BF4B-00C04F79EFBC}") = "CocktailsIdeas.Server", "Server\CocktailsIdeas.Server.csproj", "{69E976C7-6F5A-4291-8C8D-E2DD2CC9FCA8}"
EndProject
Project("{FAE04EC0-301F-11D3-BF4B-00C04F79EFBC}") = "CocktailsIdeas.Client", "Client\CocktailsIdeas.Client.csproj", "{024716BF-88E9-4222-A36A-37E2B7F69088}"
EndProject
Project("{FAE04EC0-301F-11D3-BF4B-00C04F79EFBC}") = "CocktailsIdeas.Shared", "Shared\CocktailsIdeas.Shared.csproj", "{32A585BB-2761-4909-B736-536FBDFDD640}"
EndProject
Global
	GlobalSection(SolutionConfigurationPlatforms) = preSolution
		Debug|Any CPU = Debug|Any CPU
		Release|Any CPU = Release|Any CPU
	EndGlobalSection
	GlobalSection(ProjectConfigurationPlatforms) = postSolution
		{69E976C7-6F5A-4291-8C8D-E2DD2CC9FCA8}.Debug|Any CPU.ActiveCfg = Debug|Any CPU
		{69E976C7-6F5A-4291-8C8D-E2DD2CC9FCA8}.Debug|Any CPU.Build.0 = Debug|Any CPU
		{69E976C7-6F5A-4291-8C8D-E2DD2CC9FCA8}.Release|Any CPU.ActiveCfg = Release|Any CPU
		{69E976C7-6F5A-4291-8C8D-E2DD2CC9FCA8}.Release|Any CPU.Build.0 = Release|Any CPU
		{024716BF-88E9-4222-A36A-37E2B7F69088}.Debug|Any CPU.ActiveCfg = Debug|Any CPU
		{024716BF-88E9-4222-A36A-37E2B7F69088}.Debug|Any CPU.Build.0 = Debug|Any CPU
		{024716BF-88E9-4222-A36A-37E2B7F69088}.Release|Any CPU.ActiveCfg = Release|Any CPU
		{024716BF-88E9-4222-A36A-37E2B7F69088}.Release|Any CPU.Build.0 = Release|Any CPU
		{32A585BB-2761-4909-B736-536FBDFDD640}.Debug|Any CPU.ActiveCfg = Debug|Any CPU
		{32A585BB-2761-4909-B736-536FBDFDD640}.Debug|Any CPU.Build.0 = Debug|Any CPU
		{32A585BB-2761-4909-B736-536FBDFDD640}.Release|Any CPU.ActiveCfg = Release|Any CPU
		{32A585BB-2761-4909-B736-536FBDFDD640}.Release|Any CPU.Build.0 = Release|Any CPU
	EndGlobalSection
	GlobalSection(SolutionProperties) = preSolution
		HideSolutionNode = FALSE
	EndGlobalSection
	GlobalSection(ExtensibilityGlobals) = postSolution
		SolutionGuid = {81235C6C-A5E4-4FCD-B73D-111FF1187F2D}
	EndGlobalSection
EndGlobal
